
Microsoft Visual Studio Solution File, Format Version 12.00
# Visual Studio Version 17
VisualStudioVersion = 17.3.32901.215
MinimumVisualStudioVersion = 10.0.40219.1
Project("{FAE04EC0-301F-11D3-BF4B-00C04F79EFBC}") = "RazorBasePizzaWebsite", "RazorBasePizzaWebsite\RazorBasePizzaWebsite.csproj", "{DCFA1A09-8B66-4979-A1D8-D0EDD5C22A22}"
EndProject
Global
	GlobalSection(SolutionConfigurationPlatforms) = preSolution
		Debug|Any CPU = Debug|Any CPU
		Release|Any CPU = Release|Any CPU
	EndGlobalSection
	GlobalSection(ProjectConfigurationPlatforms) = postSolution
		{DCFA1A09-8B66-4979-A1D8-D0EDD5C22A22}.Debug|Any CPU.ActiveCfg = Debug|Any CPU
		{DCFA1A09-8B66-4979-A1D8-D0EDD5C22A22}.Debug|Any CPU.Build.0 = Debug|Any CPU
		{DCFA1A09-8B66-4979-A1D8-D0EDD5C22A22}.Release|Any CPU.ActiveCfg = Release|Any CPU
		{DCFA1A09-8B66-4979-A1D8-D0EDD5C22A22}.Release|Any CPU.Build.0 = Release|Any CPU
	EndGlobalSection
	GlobalSection(SolutionProperties) = preSolution
		HideSolutionNode = FALSE
	EndGlobalSection
	GlobalSection(ExtensibilityGlobals) = postSolution
		SolutionGuid = {61DA25DA-E5F4-4475-862F-61360A567A62}
	EndGlobalSection
EndGlobal
